{
  "requires": true,
  "lockfileVersion": 1,
  "dependencies": {
    "@types/validator": {
      "version": "10.11.3",
      "resolved": "https://registry.npm.taobao.org/@types/validator/download/@types/validator-10.11.3.tgz",
      "integrity": "sha1-lFeZvvJKlTxbwCARyorXkzGj7yU="
    },
    "class-validator": {
      "version": "0.11.0",
      "resolved": "https://registry.npm.taobao.org/class-validator/download/class-validator-0.11.0.tgz",
      "integrity": "sha1-X8qLipV8c4pnSTkeA+6B+tN13Eo=",
      "requires": {
        "@types/validator": "10.11.3",
        "google-libphonenumber": "^3.1.6",
        "validator": "12.0.0"
      }
    },
    "google-libphonenumber": {
      "version": "3.2.6",
      "resolved": "https://registry.npm.taobao.org/google-libphonenumber/download/google-libphonenumber-3.2.6.tgz",
      "integrity": "sha1-PXJbSP9EcGuAJG53+V8sL9xv1yk="
    },
    "validator": {
      "version": "12.0.0",
      "resolved": "https://registry.npm.taobao.org/validator/download/validator-12.0.0.tgz",
      "integrity": "sha1-+zMiH1Mgq+JCLNovUX3Dg4Bk6BM="
    }
  }
}
